
Microsoft Visual Studio Solution File, Format Version 12.00
# Visual Studio Version 16
VisualStudioVersion = 16.0.30717.126
MinimumVisualStudioVersion = 10.0.40219.1
Project("{FAE04EC0-301F-11D3-BF4B-00C04F79EFBC}") = "MDP.Api", "MDP.Api\MDP.Api.csproj", "{09D42CC5-697B-4094-9648-0810DFAB224E}"
EndProject
Project("{FAE04EC0-301F-11D3-BF4B-00C04F79EFBC}") = "MDP.Core", "MDP.Core\MDP.Core.csproj", "{6F964EB8-3F14-42A5-BF8B-14F1165369E4}"
EndProject
Project("{FAE04EC0-301F-11D3-BF4B-00C04F79EFBC}") = "MDP.Infrastructure", "MDP.Infrastructure\MDP.Infrastructure.csproj", "{FBA8337A-C349-4C99-85E1-D957F7440B2A}"
EndProject
Global
	GlobalSection(SolutionConfigurationPlatforms) = preSolution
		Debug|Any CPU = Debug|Any CPU
		Release|Any CPU = Release|Any CPU
	EndGlobalSection
	GlobalSection(ProjectConfigurationPlatforms) = postSolution
		{09D42CC5-697B-4094-9648-0810DFAB224E}.Debug|Any CPU.ActiveCfg = Debug|Any CPU
		{09D42CC5-697B-4094-9648-0810DFAB224E}.Debug|Any CPU.Build.0 = Debug|Any CPU
		{09D42CC5-697B-4094-9648-0810DFAB224E}.Release|Any CPU.ActiveCfg = Release|Any CPU
		{09D42CC5-697B-4094-9648-0810DFAB224E}.Release|Any CPU.Build.0 = Release|Any CPU
		{6F964EB8-3F14-42A5-BF8B-14F1165369E4}.Debug|Any CPU.ActiveCfg = Debug|Any CPU
		{6F964EB8-3F14-42A5-BF8B-14F1165369E4}.Debug|Any CPU.Build.0 = Debug|Any CPU
		{6F964EB8-3F14-42A5-BF8B-14F1165369E4}.Release|Any CPU.ActiveCfg = Release|Any CPU
		{6F964EB8-3F14-42A5-BF8B-14F1165369E4}.Release|Any CPU.Build.0 = Release|Any CPU
		{FBA8337A-C349-4C99-85E1-D957F7440B2A}.Debug|Any CPU.ActiveCfg = Debug|Any CPU
		{FBA8337A-C349-4C99-85E1-D957F7440B2A}.Debug|Any CPU.Build.0 = Debug|Any CPU
		{FBA8337A-C349-4C99-85E1-D957F7440B2A}.Release|Any CPU.ActiveCfg = Release|Any CPU
		{FBA8337A-C349-4C99-85E1-D957F7440B2A}.Release|Any CPU.Build.0 = Release|Any CPU
	EndGlobalSection
	GlobalSection(SolutionProperties) = preSolution
		HideSolutionNode = FALSE
	EndGlobalSection
	GlobalSection(ExtensibilityGlobals) = postSolution
		SolutionGuid = {81F5E984-54CE-4161-A1D4-DC4AFB4E6ED1}
	EndGlobalSection
EndGlobal
